// !$*UTF8*$!
{
	archiveVersion = 1;
	classes = {
	};
	objectVersion = 70;
	objects = {

/* Begin PBXBuildFile section */
		8501E2222DC7D12500B2DCFE /* AppDelegate.swift in Sources */ = {isa = PBXBuildFile; fileRef = 8501E2212DC7D12500B2DCFE /* AppDelegate.swift */; };
		8501E2242DC7D12500B2DCFE /* SceneDelegate.swift in Sources */ = {isa = PBXBuildFile; fileRef = 8501E2232DC7D12500B2DCFE /* SceneDelegate.swift */; };
		8501E22B2DC7D12600B2DCFE /* Assets.xcassets in Resources */ = {isa = PBXBuildFile; fileRef = 8501E22A2DC7D12600B2DCFE /* Assets.xcassets */; };
		8501E22E2DC7D12600B2DCFE /* LaunchScreen.storyboard in Resources */ = {isa = PBXBuildFile; fileRef = 8501E22C2DC7D12600B2DCFE /* LaunchScreen.storyboard */; };
		8501E23B2DC7D25B00B2DCFE /* Color+Extension.swift in Sources */ = {isa = PBXBuildFile; fileRef = 8501E23A2DC7D25B00B2DCFE /* Color+Extension.swift */; };
		8501E23D2DC7D27F00B2DCFE /* Images.swift in Sources */ = {isa = PBXBuildFile; fileRef = 8501E23C2DC7D27F00B2DCFE /* Images.swift */; };
		8501E23F2DC7D29D00B2DCFE /* UIView+Extension.swift in Sources */ = {isa = PBXBuildFile; fileRef = 8501E23E2DC7D29D00B2DCFE /* UIView+Extension.swift */; };
		8501E2412DC7D2C500B2DCFE /* Router.swift in Sources */ = {isa = PBXBuildFile; fileRef = 8501E2402DC7D2C500B2DCFE /* Router.swift */; };
		8501E2442DC7D2FB00B2DCFE /* WelcomeViewController.swift in Sources */ = {isa = PBXBuildFile; fileRef = 8501E2432DC7D2FB00B2DCFE /* WelcomeViewController.swift */; };
		8501E2482DC7D8B600B2DCFE /* CategoriesViewController.swift in Sources */ = {isa = PBXBuildFile; fileRef = 8501E2472DC7D8B600B2DCFE /* CategoriesViewController.swift */; };
		8501E24C2DC85EA200B2DCFE /* CategoriesViewModel.swift in Sources */ = {isa = PBXBuildFile; fileRef = 8501E24B2DC85EA200B2DCFE /* CategoriesViewModel.swift */; };
		E13164132DC8828000A8BF2A /* CategoryDetailController.swift in Sources */ = {isa = PBXBuildFile; fileRef = E13164122DC8828000A8BF2A /* CategoryDetailController.swift */; };
		E13164382DC8A5C700A8BF2A /* CategoryCardModel.swift in Sources */ = {isa = PBXBuildFile; fileRef = E13164372DC8A5C700A8BF2A /* CategoryCardModel.swift */; };
		E13164752DC8B4CD00A8BF2A /* TabBarController.swift in Sources */ = {isa = PBXBuildFile; fileRef = E13164742DC8B4CD00A8BF2A /* TabBarController.swift */; };
		E13164772DC8C45C00A8BF2A /* FavoritesViewController.swift in Sources */ = {isa = PBXBuildFile; fileRef = E13164762DC8C45C00A8BF2A /* FavoritesViewController.swift */; };
		E137D36E2DD0D760002140A7 /* UIConstants.swift in Sources */ = {isa = PBXBuildFile; fileRef = E137D36D2DD0D752002140A7 /* UIConstants.swift */; };
		E1749A0F2DCB5186004CF147 /* UIView+Shadow.swift in Sources */ = {isa = PBXBuildFile; fileRef = E1749A0E2DCB5180004CF147 /* UIView+Shadow.swift */; };
		E1749A162DCB6E12004CF147 /* Notification+Ext.swift in Sources */ = {isa = PBXBuildFile; fileRef = E1749A152DCB6E04004CF147 /* Notification+Ext.swift */; };
		E1749A1D2DCB7113004CF147 /* SnapKit in Frameworks */ = {isa = PBXBuildFile; productRef = E1749A1C2DCB7113004CF147 /* SnapKit */; };
		E18A47BA2DCCDFFE00F9AEFC /* CartViewController.swift in Sources */ = {isa = PBXBuildFile; fileRef = E18A47B92DCCDFFE00F9AEFC /* CartViewController.swift */; };
		E1BA66DB2DCDF14300EF8A2F /* CreateViewController.swift in Sources */ = {isa = PBXBuildFile; fileRef = E1BA66DA2DCDF14300EF8A2F /* CreateViewController.swift */; };
/* End PBXBuildFile section */

/* Begin PBXFileReference section */
		8501E21E2DC7D12500B2DCFE /* FlowersApp.app */ = {isa = PBXFileReference; explicitFileType = wrapper.application; includeInIndex = 0; path = FlowersApp.app; sourceTree = BUILT_PRODUCTS_DIR; };
		8501E2212DC7D12500B2DCFE /* AppDelegate.swift */ = {isa = PBXFileReference; lastKnownFileType = sourcecode.swift; path = AppDelegate.swift; sourceTree = "<group>"; };
		8501E2232DC7D12500B2DCFE /* SceneDelegate.swift */ = {isa = PBXFileReference; lastKnownFileType = sourcecode.swift; path = SceneDelegate.swift; sourceTree = "<group>"; };
		8501E22A2DC7D12600B2DCFE /* Assets.xcassets */ = {isa = PBXFileReference; lastKnownFileType = folder.assetcatalog; path = Assets.xcassets; sourceTree = "<group>"; };
		8501E22D2DC7D12600B2DCFE /* Base */ = {isa = PBXFileReference; lastKnownFileType = file.storyboard; name = Base; path = Base.lproj/LaunchScreen.storyboard; sourceTree = "<group>"; };
		8501E22F2DC7D12600B2DCFE /* Info.plist */ = {isa = PBXFileReference; lastKnownFileType = text.plist.xml; path = Info.plist; sourceTree = "<group>"; };
		8501E23A2DC7D25B00B2DCFE /* Color+Extension.swift */ = {isa = PBXFileReference; lastKnownFileType = sourcecode.swift; path = "Color+Extension.swift"; sourceTree = "<group>"; };
		8501E23C2DC7D27F00B2DCFE /* Images.swift */ = {isa = PBXFileReference; lastKnownFileType = sourcecode.swift; path = Images.swift; sourceTree = "<group>"; };
		8501E23E2DC7D29D00B2DCFE /* UIView+Extension.swift */ = {isa = PBXFileReference; lastKnownFileType = sourcecode.swift; path = "UIView+Extension.swift"; sourceTree = "<group>"; };
		8501E2402DC7D2C500B2DCFE /* Router.swift */ = {isa = PBXFileReference; lastKnownFileType = sourcecode.swift; path = Router.swift; sourceTree = "<group>"; };
		8501E2432DC7D2FB00B2DCFE /* WelcomeViewController.swift */ = {isa = PBXFileReference; lastKnownFileType = sourcecode.swift; path = WelcomeViewController.swift; sourceTree = "<group>"; };
		8501E2472DC7D8B600B2DCFE /* CategoriesViewController.swift */ = {isa = PBXFileReference; lastKnownFileType = sourcecode.swift; path = CategoriesViewController.swift; sourceTree = "<group>"; };
		8501E24B2DC85EA200B2DCFE /* CategoriesViewModel.swift */ = {isa = PBXFileReference; lastKnownFileType = sourcecode.swift; path = CategoriesViewModel.swift; sourceTree = "<group>"; };
		E13164122DC8828000A8BF2A /* CategoryDetailController.swift */ = {isa = PBXFileReference; lastKnownFileType = sourcecode.swift; path = CategoryDetailController.swift; sourceTree = "<group>"; };
		E13164372DC8A5C700A8BF2A /* CategoryCardModel.swift */ = {isa = PBXFileReference; lastKnownFileType = sourcecode.swift; path = CategoryCardModel.swift; sourceTree = "<group>"; };
		E13164742DC8B4CD00A8BF2A /* TabBarController.swift */ = {isa = PBXFileReference; lastKnownFileType = sourcecode.swift; path = TabBarController.swift; sourceTree = "<group>"; };
		E13164762DC8C45C00A8BF2A /* FavoritesViewController.swift */ = {isa = PBXFileReference; lastKnownFileType = sourcecode.swift; path = FavoritesViewController.swift; sourceTree = "<group>"; };
		E137D36D2DD0D752002140A7 /* UIConstants.swift */ = {isa = PBXFileReference; lastKnownFileType = sourcecode.swift; path = UIConstants.swift; sourceTree = "<group>"; };
		E1749A0E2DCB5180004CF147 /* UIView+Shadow.swift */ = {isa = PBXFileReference; lastKnownFileType = sourcecode.swift; path = "UIView+Shadow.swift"; sourceTree = "<group>"; };
		E1749A152DCB6E04004CF147 /* Notification+Ext.swift */ = {isa = PBXFileReference; lastKnownFileType = sourcecode.swift; path = "Notification+Ext.swift"; sourceTree = "<group>"; };
		E18A47B92DCCDFFE00F9AEFC /* CartViewController.swift */ = {isa = PBXFileReference; lastKnownFileType = sourcecode.swift; path = CartViewController.swift; sourceTree = "<group>"; };
		E1BA66DA2DCDF14300EF8A2F /* CreateViewController.swift */ = {isa = PBXFileReference; lastKnownFileType = sourcecode.swift; path = CreateViewController.swift; sourceTree = "<group>"; };
/* End PBXFileReference section */

/* Begin PBXFileSystemSynchronizedRootGroup section */
		E13164B32DC8DE3600A8BF2A /* Managers */ = {isa = PBXFileSystemSynchronizedRootGroup; explicitFileTypes = {}; explicitFolders = (); path = Managers; sourceTree = "<group>"; };
		E137D37C2DD1FCEC002140A7 /* Views */ = {isa = PBXFileSystemSynchronizedRootGroup; explicitFileTypes = {}; explicitFolders = (); path = Views; sourceTree = "<group>"; };
		E18A47B22DCCBD0000F9AEFC /* Protocols */ = {isa = PBXFileSystemSynchronizedRootGroup; explicitFileTypes = {}; explicitFolders = (); path = Protocols; sourceTree = "<group>"; };
/* End PBXFileSystemSynchronizedRootGroup section */

/* Begin PBXFrameworksBuildPhase section */
		8501E21B2DC7D12500B2DCFE /* Frameworks */ = {
			isa = PBXFrameworksBuildPhase;
			buildActionMask = 2147483647;
			files = (
				E1749A1D2DCB7113004CF147 /* SnapKit in Frameworks */,
			);
			runOnlyForDeploymentPostprocessing = 0;
		};
/* End PBXFrameworksBuildPhase section */

/* Begin PBXGroup section */
		8501E2152DC7D12500B2DCFE = {
			isa = PBXGroup;
			children = (
				8501E2202DC7D12500B2DCFE /* FlowersApp */,
				8501E21F2DC7D12500B2DCFE /* Products */,
			);
			sourceTree = "<group>";
		};
		8501E21F2DC7D12500B2DCFE /* Products */ = {
			isa = PBXGroup;
			children = (
				8501E21E2DC7D12500B2DCFE /* FlowersApp.app */,
			);
			name = Products;
			sourceTree = "<group>";
		};
		8501E2202DC7D12500B2DCFE /* FlowersApp */ = {
			isa = PBXGroup;
			children = (
				E18A47B22DCCBD0000F9AEFC /* Protocols */,
				E13164B32DC8DE3600A8BF2A /* Managers */,
				8501E2392DC7D18D00B2DCFE /* Helpers */,
				8501E2382DC7D17E00B2DCFE /* Router */,
				8501E2372DC7D17400B2DCFE /* View */,
				8501E2362DC7D16400B2DCFE /* ViewModel */,
				8501E2352DC7D15A00B2DCFE /* Model */,
				8501E2212DC7D12500B2DCFE /* AppDelegate.swift */,
				8501E2232DC7D12500B2DCFE /* SceneDelegate.swift */,
				8501E22A2DC7D12600B2DCFE /* Assets.xcassets */,
				8501E22C2DC7D12600B2DCFE /* LaunchScreen.storyboard */,
				8501E22F2DC7D12600B2DCFE /* Info.plist */,
			);
			path = FlowersApp;
			sourceTree = "<group>";
		};
		8501E2352DC7D15A00B2DCFE /* Model */ = {
			isa = PBXGroup;
			children = (
				E13164372DC8A5C700A8BF2A /* CategoryCardModel.swift */,
			);
			path = Model;
			sourceTree = "<group>";
		};
		8501E2362DC7D16400B2DCFE /* ViewModel */ = {
			isa = PBXGroup;
			children = (
				8501E24B2DC85EA200B2DCFE /* CategoriesViewModel.swift */,
			);
			path = ViewModel;
			sourceTree = "<group>";
		};
		8501E2372DC7D17400B2DCFE /* View */ = {
			isa = PBXGroup;
			children = (
				E137D37C2DD1FCEC002140A7 /* Views */,
				8501E2422DC7D2E100B2DCFE /* Controller */,
			);
			path = View;
			sourceTree = "<group>";
		};
		8501E2382DC7D17E00B2DCFE /* Router */ = {
			isa = PBXGroup;
			children = (
				8501E2402DC7D2C500B2DCFE /* Router.swift */,
			);
			path = Router;
			sourceTree = "<group>";
		};
		8501E2392DC7D18D00B2DCFE /* Helpers */ = {
			isa = PBXGroup;
			children = (
				E137D36D2DD0D752002140A7 /* UIConstants.swift */,
				E1749A152DCB6E04004CF147 /* Notification+Ext.swift */,
				E1749A0E2DCB5180004CF147 /* UIView+Shadow.swift */,
				8501E23A2DC7D25B00B2DCFE /* Color+Extension.swift */,
				8501E23C2DC7D27F00B2DCFE /* Images.swift */,
				8501E23E2DC7D29D00B2DCFE /* UIView+Extension.swift */,
			);
			path = Helpers;
			sourceTree = "<group>";
		};
		8501E2422DC7D2E100B2DCFE /* Controller */ = {
			isa = PBXGroup;
			children = (
				8501E2432DC7D2FB00B2DCFE /* WelcomeViewController.swift */,
				8501E2472DC7D8B600B2DCFE /* CategoriesViewController.swift */,
				E13164122DC8828000A8BF2A /* CategoryDetailController.swift */,
				E13164742DC8B4CD00A8BF2A /* TabBarController.swift */,
				E13164762DC8C45C00A8BF2A /* FavoritesViewController.swift */,
				E18A47B92DCCDFFE00F9AEFC /* CartViewController.swift */,
				E1BA66DA2DCDF14300EF8A2F /* CreateViewController.swift */,
			);
			path = Controller;
			sourceTree = "<group>";
		};
/* End PBXGroup section */

/* Begin PBXNativeTarget section */
		8501E21D2DC7D12500B2DCFE /* FlowersApp */ = {
			isa = PBXNativeTarget;
			buildConfigurationList = 8501E2322DC7D12600B2DCFE /* Build configuration list for PBXNativeTarget "FlowersApp" */;
			buildPhases = (
				8501E21A2DC7D12500B2DCFE /* Sources */,
				8501E21B2DC7D12500B2DCFE /* Frameworks */,
				8501E21C2DC7D12500B2DCFE /* Resources */,
			);
			buildRules = (
			);
			dependencies = (
			);
			fileSystemSynchronizedGroups = (
				E13164B32DC8DE3600A8BF2A /* Managers */,
				E137D37C2DD1FCEC002140A7 /* Views */,
				E18A47B22DCCBD0000F9AEFC /* Protocols */,
			);
			name = FlowersApp;
			productName = FlowersApp;
			productReference = 8501E21E2DC7D12500B2DCFE /* FlowersApp.app */;
			productType = "com.apple.product-type.application";
		};
/* End PBXNativeTarget section */

/* Begin PBXProject section */
		8501E2162DC7D12500B2DCFE /* Project object */ = {
			isa = PBXProject;
			attributes = {
				BuildIndependentTargetsInParallel = 1;
				LastSwiftUpdateCheck = 1520;
				LastUpgradeCheck = 1520;
				TargetAttributes = {
					8501E21D2DC7D12500B2DCFE = {
						CreatedOnToolsVersion = 15.2;
					};
				};
			};
			buildConfigurationList = 8501E2192DC7D12500B2DCFE /* Build configuration list for PBXProject "FlowersApp" */;
			compatibilityVersion = "Xcode 14.0";
			developmentRegion = en;
			hasScannedForEncodings = 0;
			knownRegions = (
				en,
				Base,
			);
			mainGroup = 8501E2152DC7D12500B2DCFE;
			packageReferences = (
				E1749A1B2DCB7113004CF147 /* XCRemoteSwiftPackageReference "SnapKit" */,
			);
			productRefGroup = 8501E21F2DC7D12500B2DCFE /* Products */;
			projectDirPath = "";
			projectRoot = "";
			targets = (
				8501E21D2DC7D12500B2DCFE /* FlowersApp */,
			);
		};
/* End PBXProject section */

/* Begin PBXResourcesBuildPhase section */
		8501E21C2DC7D12500B2DCFE /* Resources */ = {
			isa = PBXResourcesBuildPhase;
			buildActionMask = 2147483647;
			files = (
				8501E22E2DC7D12600B2DCFE /* LaunchScreen.storyboard in Resources */,
				8501E22B2DC7D12600B2DCFE /* Assets.xcassets in Resources */,
			);
			runOnlyForDeploymentPostprocessing = 0;
		};
/* End PBXResourcesBuildPhase section */

/* Begin PBXSourcesBuildPhase section */
		8501E21A2DC7D12500B2DCFE /* Sources */ = {
			isa = PBXSourcesBuildPhase;
			buildActionMask = 2147483647;
			files = (
				8501E23F2DC7D29D00B2DCFE /* UIView+Extension.swift in Sources */,
				E13164752DC8B4CD00A8BF2A /* TabBarController.swift in Sources */,
				8501E2442DC7D2FB00B2DCFE /* WelcomeViewController.swift in Sources */,
				8501E2222DC7D12500B2DCFE /* AppDelegate.swift in Sources */,
				8501E2482DC7D8B600B2DCFE /* CategoriesViewController.swift in Sources */,
				8501E2412DC7D2C500B2DCFE /* Router.swift in Sources */,
				E13164382DC8A5C700A8BF2A /* CategoryCardModel.swift in Sources */,
				8501E23D2DC7D27F00B2DCFE /* Images.swift in Sources */,
				E1749A162DCB6E12004CF147 /* Notification+Ext.swift in Sources */,
				E18A47BA2DCCDFFE00F9AEFC /* CartViewController.swift in Sources */,
				E1BA66DB2DCDF14300EF8A2F /* CreateViewController.swift in Sources */,
				E137D36E2DD0D760002140A7 /* UIConstants.swift in Sources */,
				E1749A0F2DCB5186004CF147 /* UIView+Shadow.swift in Sources */,
				8501E2242DC7D12500B2DCFE /* SceneDelegate.swift in Sources */,
				E13164132DC8828000A8BF2A /* CategoryDetailController.swift in Sources */,
				8501E24C2DC85EA200B2DCFE /* CategoriesViewModel.swift in Sources */,
				8501E23B2DC7D25B00B2DCFE /* Color+Extension.swift in Sources */,
				E13164772DC8C45C00A8BF2A /* FavoritesViewController.swift in Sources */,
			);
			runOnlyForDeploymentPostprocessing = 0;
		};
/* End PBXSourcesBuildPhase section */

/* Begin PBXVariantGroup section */
		8501E22C2DC7D12600B2DCFE /* LaunchScreen.storyboard */ = {
			isa = PBXVariantGroup;
			children = (
				8501E22D2DC7D12600B2DCFE /* Base */,
			);
			name = LaunchScreen.storyboard;
			sourceTree = "<group>";
		};
/* End PBXVariantGroup section */

/* Begin XCBuildConfiguration section */
		8501E2302DC7D12600B2DCFE /* Debug */ = {
			isa = XCBuildConfiguration;
			buildSettings = {
				ALWAYS_SEARCH_USER_PATHS = NO;
				ASSETCATALOG_COMPILER_GENERATE_SWIFT_ASSET_SYMBOL_EXTENSIONS = YES;
				CLANG_ANALYZER_NONNULL = YES;
				CLANG_ANALYZER_NUMBER_OBJECT_CONVERSION = YES_AGGRESSIVE;
				CLANG_CXX_LANGUAGE_STANDARD = "gnu++20";
				CLANG_ENABLE_MODULES = YES;
				CLANG_ENABLE_OBJC_ARC = YES;
				CLANG_ENABLE_OBJC_WEAK = YES;
				CLANG_WARN_BLOCK_CAPTURE_AUTORELEASING = YES;
				CLANG_WARN_BOOL_CONVERSION = YES;
				CLANG_WARN_COMMA = YES;
				CLANG_WARN_CONSTANT_CONVERSION = YES;
				CLANG_WARN_DEPRECATED_OBJC_IMPLEMENTATIONS = YES;
				CLANG_WARN_DIRECT_OBJC_ISA_USAGE = YES_ERROR;
				CLANG_WARN_DOCUMENTATION_COMMENTS = YES;
				CLANG_WARN_EMPTY_BODY = YES;
				CLANG_WARN_ENUM_CONVERSION = YES;
				CLANG_WARN_INFINITE_RECURSION = YES;
				CLANG_WARN_INT_CONVERSION = YES;
				CLANG_WARN_NON_LITERAL_NULL_CONVERSION = YES;
				CLANG_WARN_OBJC_IMPLICIT_RETAIN_SELF = YES;
				CLANG_WARN_OBJC_LITERAL_CONVERSION = YES;
				CLANG_WARN_OBJC_ROOT_CLASS = YES_ERROR;
				CLANG_WARN_QUOTED_INCLUDE_IN_FRAMEWORK_HEADER = YES;
				CLANG_WARN_RANGE_LOOP_ANALYSIS = YES;
				CLANG_WARN_STRICT_PROTOTYPES = YES;
				CLANG_WARN_SUSPICIOUS_MOVE = YES;
				CLANG_WARN_UNGUARDED_AVAILABILITY = YES_AGGRESSIVE;
				CLANG_WARN_UNREACHABLE_CODE = YES;
				CLANG_WARN__DUPLICATE_METHOD_MATCH = YES;
				COPY_PHASE_STRIP = NO;
				DEBUG_INFORMATION_FORMAT = dwarf;
				ENABLE_STRICT_OBJC_MSGSEND = YES;
				ENABLE_TESTABILITY = YES;
				ENABLE_USER_SCRIPT_SANDBOXING = YES;
				GCC_C_LANGUAGE_STANDARD = gnu17;
				GCC_DYNAMIC_NO_PIC = NO;
				GCC_NO_COMMON_BLOCKS = YES;
				GCC_OPTIMIZATION_LEVEL = 0;
				GCC_PREPROCESSOR_DEFINITIONS = (
					"DEBUG=1",
					"$(inherited)",
				);
				GCC_WARN_64_TO_32_BIT_CONVERSION = YES;
				GCC_WARN_ABOUT_RETURN_TYPE = YES_ERROR;
				GCC_WARN_UNDECLARED_SELECTOR = YES;
				GCC_WARN_UNINITIALIZED_AUTOS = YES_AGGRESSIVE;
				GCC_WARN_UNUSED_FUNCTION = YES;
				GCC_WARN_UNUSED_VARIABLE = YES;
				IPHONEOS_DEPLOYMENT_TARGET = 17.2;
				LOCALIZATION_PREFERS_STRING_CATALOGS = YES;
				MTL_ENABLE_DEBUG_INFO = INCLUDE_SOURCE;
				MTL_FAST_MATH = YES;
				ONLY_ACTIVE_ARCH = YES;
				SDKROOT = iphoneos;
				SWIFT_ACTIVE_COMPILATION_CONDITIONS = "DEBUG $(inherited)";
				SWIFT_OPTIMIZATION_LEVEL = "-Onone";
			};
			name = Debug;
		};
		8501E2312DC7D12600B2DCFE /* Release */ = {
			isa = XCBuildConfiguration;
			buildSettings = {
				ALWAYS_SEARCH_USER_PATHS = NO;
				ASSETCATALOG_COMPILER_GENERATE_SWIFT_ASSET_SYMBOL_EXTENSIONS = YES;
				CLANG_ANALYZER_NONNULL = YES;
				CLANG_ANALYZER_NUMBER_OBJECT_CONVERSION = YES_AGGRESSIVE;
				CLANG_CXX_LANGUAGE_STANDARD = "gnu++20";
				CLANG_ENABLE_MODULES = YES;
				CLANG_ENABLE_OBJC_ARC = YES;
				CLANG_ENABLE_OBJC_WEAK = YES;
				CLANG_WARN_BLOCK_CAPTURE_AUTORELEASING = YES;
				CLANG_WARN_BOOL_CONVERSION = YES;
				CLANG_WARN_COMMA = YES;
				CLANG_WARN_CONSTANT_CONVERSION = YES;
				CLANG_WARN_DEPRECATED_OBJC_IMPLEMENTATIONS = YES;
				CLANG_WARN_DIRECT_OBJC_ISA_USAGE = YES_ERROR;
				CLANG_WARN_DOCUMENTATION_COMMENTS = YES;
				CLANG_WARN_EMPTY_BODY = YES;
				CLANG_WARN_ENUM_CONVERSION = YES;
				CLANG_WARN_INFINITE_RECURSION = YES;
				CLANG_WARN_INT_CONVERSION = YES;
				CLANG_WARN_NON_LITERAL_NULL_CONVERSION = YES;
				CLANG_WARN_OBJC_IMPLICIT_RETAIN_SELF = YES;
				CLANG_WARN_OBJC_LITERAL_CONVERSION = YES;
				CLANG_WARN_OBJC_ROOT_CLASS = YES_ERROR;
				CLANG_WARN_QUOTED_INCLUDE_IN_FRAMEWORK_HEADER = YES;
				CLANG_WARN_RANGE_LOOP_ANALYSIS = YES;
				CLANG_WARN_STRICT_PROTOTYPES = YES;
				CLANG_WARN_SUSPICIOUS_MOVE = YES;
				CLANG_WARN_UNGUARDED_AVAILABILITY = YES_AGGRESSIVE;
				CLANG_WARN_UNREACHABLE_CODE = YES;
				CLANG_WARN__DUPLICATE_METHOD_MATCH = YES;
				COPY_PHASE_STRIP = NO;
				DEBUG_INFORMATION_FORMAT = "dwarf-with-dsym";
				ENABLE_NS_ASSERTIONS = NO;
				ENABLE_STRICT_OBJC_MSGSEND = YES;
				ENABLE_USER_SCRIPT_SANDBOXING = YES;
				GCC_C_LANGUAGE_STANDARD = gnu17;
				GCC_NO_COMMON_BLOCKS = YES;
				GCC_WARN_64_TO_32_BIT_CONVERSION = YES;
				GCC_WARN_ABOUT_RETURN_TYPE = YES_ERROR;
				GCC_WARN_UNDECLARED_SELECTOR = YES;
				GCC_WARN_UNINITIALIZED_AUTOS = YES_AGGRESSIVE;
				GCC_WARN_UNUSED_FUNCTION = YES;
				GCC_WARN_UNUSED_VARIABLE = YES;
				IPHONEOS_DEPLOYMENT_TARGET = 17.2;
				LOCALIZATION_PREFERS_STRING_CATALOGS = YES;
				MTL_ENABLE_DEBUG_INFO = NO;
				MTL_FAST_MATH = YES;
				SDKROOT = iphoneos;
				SWIFT_COMPILATION_MODE = wholemodule;
				VALIDATE_PRODUCT = YES;
			};
			name = Release;
		};
		8501E2332DC7D12600B2DCFE /* Debug */ = {
			isa = XCBuildConfiguration;
			buildSettings = {
				ASSETCATALOG_COMPILER_APPICON_NAME = AppIcon;
				ASSETCATALOG_COMPILER_GLOBAL_ACCENT_COLOR_NAME = AccentColor;
				CODE_SIGN_STYLE = Automatic;
				CURRENT_PROJECT_VERSION = 1;
				GENERATE_INFOPLIST_FILE = YES;
				INFOPLIST_FILE = FlowersApp/Info.plist;
				INFOPLIST_KEY_UIApplicationSupportsIndirectInputEvents = YES;
				INFOPLIST_KEY_UILaunchStoryboardName = LaunchScreen;
				INFOPLIST_KEY_UISupportedInterfaceOrientations_iPad = "UIInterfaceOrientationPortrait UIInterfaceOrientationPortraitUpsideDown UIInterfaceOrientationLandscapeLeft UIInterfaceOrientationLandscapeRight";
				INFOPLIST_KEY_UISupportedInterfaceOrientations_iPhone = "UIInterfaceOrientationPortrait UIInterfaceOrientationLandscapeLeft UIInterfaceOrientationLandscapeRight";
				LD_RUNPATH_SEARCH_PATHS = (
					"$(inherited)",
					"@executable_path/Frameworks",
				);
				MARKETING_VERSION = 1.0;
				PRODUCT_BUNDLE_IDENTIFIER = com.TheardCo.FlowersApp;
				PRODUCT_NAME = "$(TARGET_NAME)";
				SWIFT_EMIT_LOC_STRINGS = YES;
				SWIFT_VERSION = 5.0;
				TARGETED_DEVICE_FAMILY = "1,2";
			};
			name = Debug;
		};
		8501E2342DC7D12600B2DCFE /* Release */ = {
			isa = XCBuildConfiguration;
			buildSettings = {
				ASSETCATALOG_COMPILER_APPICON_NAME = AppIcon;
				ASSETCATALOG_COMPILER_GLOBAL_ACCENT_COLOR_NAME = AccentColor;
				CODE_SIGN_STYLE = Automatic;
				CURRENT_PROJECT_VERSION = 1;
				GENERATE_INFOPLIST_FILE = YES;
				INFOPLIST_FILE = FlowersApp/Info.plist;
				INFOPLIST_KEY_UIApplicationSupportsIndirectInputEvents = YES;
				INFOPLIST_KEY_UILaunchStoryboardName = LaunchScreen;
				INFOPLIST_KEY_UISupportedInterfaceOrientations_iPad = "UIInterfaceOrientationPortrait UIInterfaceOrientationPortraitUpsideDown UIInterfaceOrientationLandscapeLeft UIInterfaceOrientationLandscapeRight";
				INFOPLIST_KEY_UISupportedInterfaceOrientations_iPhone = "UIInterfaceOrientationPortrait UIInterfaceOrientationLandscapeLeft UIInterfaceOrientationLandscapeRight";
				LD_RUNPATH_SEARCH_PATHS = (
					"$(inherited)",
					"@executable_path/Frameworks",
				);
				MARKETING_VERSION = 1.0;
				PRODUCT_BUNDLE_IDENTIFIER = com.TheardCo.FlowersApp;
				PRODUCT_NAME = "$(TARGET_NAME)";
				SWIFT_EMIT_LOC_STRINGS = YES;
				SWIFT_VERSION = 5.0;
				TARGETED_DEVICE_FAMILY = "1,2";
			};
			name = Release;
		};
/* End XCBuildConfiguration section */

/* Begin XCConfigurationList section */
		8501E2192DC7D12500B2DCFE /* Build configuration list for PBXProject "FlowersApp" */ = {
			isa = XCConfigurationList;
			buildConfigurations = (
				8501E2302DC7D12600B2DCFE /* Debug */,
				8501E2312DC7D12600B2DCFE /* Release */,
			);
			defaultConfigurationIsVisible = 0;
			defaultConfigurationName = Release;
		};
		8501E2322DC7D12600B2DCFE /* Build configuration list for PBXNativeTarget "FlowersApp" */ = {
			isa = XCConfigurationList;
			buildConfigurations = (
				8501E2332DC7D12600B2DCFE /* Debug */,
				8501E2342DC7D12600B2DCFE /* Release */,
			);
			defaultConfigurationIsVisible = 0;
			defaultConfigurationName = Release;
		};
/* End XCConfigurationList section */

/* Begin XCRemoteSwiftPackageReference section */
		E1749A1B2DCB7113004CF147 /* XCRemoteSwiftPackageReference "SnapKit" */ = {
			isa = XCRemoteSwiftPackageReference;
			repositoryURL = "https://github.com/SnapKit/SnapKit.git";
			requirement = {
				kind = upToNextMajorVersion;
				minimumVersion = 5.7.1;
			};
		};
/* End XCRemoteSwiftPackageReference section */

/* Begin XCSwiftPackageProductDependency section */
		E1749A1C2DCB7113004CF147 /* SnapKit */ = {
			isa = XCSwiftPackageProductDependency;
			package = E1749A1B2DCB7113004CF147 /* XCRemoteSwiftPackageReference "SnapKit" */;
			productName = SnapKit;
		};
/* End XCSwiftPackageProductDependency section */
	};
	rootObject = 8501E2162DC7D12500B2DCFE /* Project object */;
}
